{
  "name": "Simple_Blog",
  "version": "1.0.0",
  "lockfileVersion": 2,
  "requires": true,
  "dependencies": {
    "bcryptjs": {
      "version": "2.4.3",
      "resolved": "https://registry.npmjs.org/bcryptjs/-/bcryptjs-2.4.3.tgz",
      "integrity": "sha512-VUi+zwgjdR0JbZJsZJtqHeuOmOVQJxwN+ZG/p5EdDb2A6adX58NkKls6Tezj/rXLGPIfWdi1rIAw29LMbK7WtA=="
    },
    "codecrafters-mytea": {
      "version": "1.0.1",
      "resolved": "https://registry.npmjs.org/codecrafters-mytea/-/codecrafters-mytea-1.0.1.tgz",
      "integrity": "sha512-CE/lxXSw9aCmC8NlLC3ZYVL5Hd6BWTQy0kNHmW0xV/Yl+0EGWnZbw4Nq+U54pMZFGV97tCHi7eHJyoiAg7oUCg=="
    },
    "codecrafterstea": {
      "version": "1.0.1",
      "resolved": "https://registry.npmjs.org/codecrafterstea/-/codecrafterstea-1.0.1.tgz",
      "integrity": "sha512-Q1gDXhaJhNNH/BzTNK3eLZtC8JFZ1u86IZYh9FAly+qy/xzowD7S+PZGKABPrCYiHSqL8+tg0GkKTuRusSnv7w=="
    },
    "cors": {
      "version": "2.8.5",
      "resolved": "https://registry.npmjs.org/cors/-/cors-2.8.5.tgz",
      "integrity": "sha512-5ZjtSNpw+JzHyj8os2z/1CvdYKoE1xgt6bg5kdIzre9LwJpXwbYvnTwY0nnwIF7hYsT2TLLkpc0DFxXz1Oe3YQ=="
    },
    "dataanalyzerourtea": {
      "version": "1.0.1",
      "resolved": "https://registry.npmjs.org/dataanalyzerourtea/-/dataanalyzerourtea-1.0.1.tgz",
      "integrity": "sha512-N/39C+HBNzUlxo9rxfM9r0kY9l2gSKzPUbhk98asZGV10bLb0VbFChDu3l8PG5ZfRLA8cLs8pdw6TDH4l4G+5Q=="
    },
    "datainsight_tea": {
      "version": "1.0.1",
      "resolved": "https://registry.npmjs.org/datainsight_tea/-/datainsight_tea-1.0.1.tgz",
      "integrity": "sha512-2xCH6l4m7tE+oK8Yq+Ia4DlYPQhQvL5nZMhC6rHjVhZW4zGm9WYy5yP0CvIpr2i8Jj4v7yvUMWeWf0A1JfwKpw=="
    },
    "ecogarden-tea": {
      "version": "1.0.1",
      "resolved": "https://registry.npmjs.org/ecogarden-tea/-/ecogarden-tea-1.0.1.tgz",
      "integrity": "sha512-/FT3IdWh0lCwjNFKJvwCvOW9yj1doO8BBg6DBzYKjXQYv2gZzBy9Ql35PV+DQpfxFO8cT53Y3v7OUE1uojB3dQ=="
    },
    "ecotrack_tea": {
      "version": "1.0.1",
      "resolved": "https://registry.npmjs.org/ecotrack_tea/-/ecotrack_tea-1.0.1.tgz",
      "integrity": "sha512-dt8i2TO89qDdTVXgb94XW7t5TuhkwmnHo2BwCq7PP1Ss9o8Nfno8r9vDy+K6Kr6fTyKjjsPv0PHIzYowug7gFw=="
    },
    "ecotravelourtea": {
      "version": "1.0.1",
      "resolved": "https://registry.npmjs.org/ecotravelourtea/-/ecotravelourtea-1.0.1.tgz",
      "integrity": "sha512-3yJvqvggVdpn2scUBR0NdRb78s4qkGwNAtwRArm++8KwZGWKub3jzKjFctmtaZqMz61mpNtRPeA/1jE67T9umA=="
    },
    "express": {
      "version": "4.17.1",
      "resolved": "https://registry.npmjs.org/express/-/express-4.17.1.tgz",
      "integrity": "sha512-wavixlhml0MyYLcJKXqYd5kzZ8SwFh0NbAvV9jnviGjVZrJRoTxHL2D7ENyJXa9y0eWIF06vNQxvHb/FhSEh0A==",
      "requires": {
        "mime": "1.6.0",
        "negotiator": "0.6.2",
        "path-to-regexp": "0.1.7",
        "send": "0.17.1"
      }
    },
    "healthfit_tea": {
      "version": "1.0.1",
      "resolved": "https://registry.npmjs.org/healthfit_tea/-/healthfit_tea-1.0.1.tgz",
      "integrity": "sha512-d34b8mckG2MjOzwZp4o+ilJx4M7lyN0JJjxhTp/+P+v/ZTWXQPYihlm7G"
    },
    "tyzcybercraft": {
      "version": "1.0.0",
      "resolved": "https://registry.npmjs.org/tyzcybercraft/-/tyzcybercraft-1.0.0.tgz",
      "integrity": "sha512-AsnImJjPIT6/kp4bpzRfYKjIuUsXs3U6zq48jgwQpA9FYzbi8eK9qBZOB0z7ZzFt2rgXrrJlMMr6Vvr0sLRzDw=="
    },
    "healthmonitortea": {
      "version": "1.0.1",
      "resolved": "https://registry.npmjs.org/healthmonitortea/-/healthmonitortea-1.0.1.tgz",
      "integrity": "sha512-F+6GMz5c9EQ02UIkNXI5mnI3Rf/XohElzQmxZnXT5OV2hugCYzI7H1bln2U+b3qO4e9X2GwlOf4AEOyjbXfByw=="
    },
    "jsonwebtoken": {
      "version": "8.5.1",
      "resolved": "https://registry.npmjs.org/jsonwebtoken/-/jsonwebtoken-8.5.1.tgz",
      "integrity": "sha512-hjzspHXA2vV8xI5vMBybkDjHva2dT1Cjxb8cObF3+4fzZcvbrhSy4wPfmrJhGJRAviYJI4x6gVKUmTpjyT93Fw==",
      "requires": {
        "jwa": "^1.11.0",
        "jws": "^4.0.0",
        "lodash.once": "^4.1.1",
        "ms": "^2.1.1",
        "semver": "^7.3.2"
      }
    },
    "morgan": {
      "version": "1.10.0",
      "resolved": "https://registry.npmjs.org/morgan/-/morgan-1.10.0.tgz",
      "integrity": "sha512-bY/7h/CQ8WhrQb8a8pzMtCjAdHggiyDRJzPNY7VooxBQfcVthD6I/yTrNi1Ytqn8k9HGMv8EoO/4GZTzZ9wT7g==",
      "requires": {
        "basic-auth": "~2.0.1",
        "debug": "3.2.7",
        "depd": "~1.1.2",
        "on-finished": "~2.3.0"
      }
    },
    "nodemailer": {
      "version": "6.6.3",
      "resolved": "https://registry.npmjs.org/nodemailer/-/nodemailer-6.6.3.tgz",
      "integrity": "sha512-xviHf30W/gUk4C2+Ks9M0+J5dkJ0C7XgNRvs/f37KszP8V5e14S6t8wLZqZPGqg5KjiFGNDIJOVGlFvsyshryQ==",
      "requires": {
        "nodemailer-fetch": "^3.4.0",
        "nodemailer-shared": "^1.1.0",
        "nodemailer-smtp-transport": "^3.4.0",
        "nodemailer-wellknown": "^0.1.1",
        "stream-clone": "^1.0.7",
        "stream-readable": "^1.1.1",
        "stream-transform": "^3.0.0",
        "stream-writable": "^1.2.7"
      }
    },
    "quantumcraft-tea": {
      "version": "1.0.1",
      "resolved": "https://registry.npmjs.org/quantumcraft-tea/-/quantumcraft-tea-1.0.1.tgz",
      "integrity": "sha512-AsnImJjPIT6/kp4bpzRfYKjIuUsXs3U6zq48jgwQpA9FYzbi8eK9qBZOB0z7ZzFt2rgXrrJlMMr6Vvr0sLRzDw=="
    },
    "recipegenie-tea": {
      "version": "1.0.1",
      "resolved": "https://registry.npmjs.org/recipegenie-tea/-/recipegenie-tea-1.0.1.tgz",
      "integrity": "sha512-G/QnKoGtW3Kp10v/9gFmgvNOH9Rx7C0c3VjAgdM+oP4cHOFJNDq1gTd6Qh2K3Eo5McbsVjZDIzdfNpzglbEZ3w=="
    },
    "securevault-tea": {
      "version": "1.0.1",
      "resolved": "https://registry.npmjs.org/securevault-tea/-/securevault-tea-1.0.1.tgz",
      "integrity": "sha512-ZXVxRz8NR8q9lHvx8Xa7wsXr6j/1hjBmsY5V+4NnXtPY0zCXsw7O5XrDIL+yvynHUBiNZBXX0lHefCv6hEPVNg=="
    },
    "smarttask-tea": {
      "version": "1.0.1",
      "resolved": "https://registry.npmjs.org/smarttask-tea/-/smarttask-tea-1.0.1.tgz",
      "integrity": "sha512-G0xG3dmFTjUIOKk3QLtjXV5QntzWltZ+yYmVVv6c4vW0WlMZs/DWKzVpK3IyINnKfF6btURoJVnqbu+XdGp/+A=="
    },
    "smarthomehubsmarthomehub-tea": {
      "version": "1.0.1",
      "resolved": "https://registry.npmjs.org/smarthomehubsmarthomehub-tea/-/smarthomehubsmarthomehub-tea-1.0.1.tgz",
      "integrity": "sha512-tn7nbP+gPnfr+j6Bl5C58eSGJChcZ/fW8EeEu7r3jlB74RAohf9N/77U1pvwJHNk"
    },
    "taskmaster-tea": {
      "version": "1.0.1",
      "resolved": "https://registry.npmjs.org/taskmaster-tea/-/taskmaster-tea-1.0.1.tgz",
      "integrity": "sha512-J69z3n7Dy36CjGzK2Fbktwptob3lK0d15+PKlVcrEzYxN33FJVVhF9MIbGZ0oM8g7ec3I/16lsgVR4wSE8Ed8A=="
    },
    "teaourworldtalkproject": {
      "version": "1.0.2",
      "resolved": "https://registry.npmjs.org/teaourworldtalkproject/-/teaourworldtalkproject-1.0.2.tgz",
      "integrity": "sha512-B2N2Wfg+VrfcYh5IMMdWeI1zE/OgHArZ+qO1n6W9Vq0kcFUcCejESp6ULCJQLl0qKouoJSTOXAr0GvFqdSXLrg=="
    },
    "validator": {
      "version": "13.6.0",
      "resolved": "https://registry.npmjs.org/validator/-/validator-13.6.0.tgz",
      "integrity": "sha512-a2Anq1x/1Pyv6UX+dhVLMT5O+smyof3U6Bvr4NMSVGRJodNOc/iS6p8+mAlW6UMtDH2lYYZ2GXUI8sjoh5mBcQ=="
    }
  },
  "peerDependencies": {
    "react": ">=16.8.0",
    "react-dom": ">=16.8.0"
  },
  "devDependencies": {},
  "engines": {
    "node": ">=10.0.0"
  }
}  

